
Microsoft Visual Studio Solution File, Format Version 12.00
# Visual Studio Version 16
VisualStudioVersion = 16.0.29806.167
MinimumVisualStudioVersion = 10.0.40219.1
Project("{FAE04EC0-301F-11D3-BF4B-00C04F79EFBC}") = "StatePrinter", "StatePrinter\StatePrinter.csproj", "{10181C0E-31FF-48B3-A293-D9ED83D38C8D}"
EndProject
Project("{2150E333-8FDC-42A3-9474-1A3956D46DE8}") = ".nuget", ".nuget", "{653DACEF-B390-4AAB-87B8-CE18674319EE}"
	ProjectSection(SolutionItems) = preProject
		.nuget\NuGet.Config = .nuget\NuGet.Config
		.nuget\NuGet.exe = .nuget\NuGet.exe
		.nuget\NuGet.targets = .nuget\NuGet.targets
	EndProjectSection
EndProject
Project("{FAE04EC0-301F-11D3-BF4B-00C04F79EFBC}") = "StatePrinter.Tests", "StatePrinter.Tests\StatePrinter.Tests.csproj", "{05FFACFD-A00F-4A47-9DDA-CAD57C2DDC59}"
EndProject
Project("{2150E333-8FDC-42A3-9474-1A3956D46DE8}") = "Solution Items", "Solution Items", "{5DF8CA6E-4233-40D0-B3FF-F2FA145A351C}"
	ProjectSection(SolutionItems) = preProject
		appveyor.yml = appveyor.yml
		CHANGELOG.md = CHANGELOG.md
		CreateNuget.cmd = CreateNuget.cmd
		DeployToNuget.cmd = DeployToNuget.cmd
		StatePrinter.nuspec = StatePrinter.nuspec
	EndProjectSection
EndProject
Global
	GlobalSection(SolutionConfigurationPlatforms) = preSolution
		Debug|Any CPU = Debug|Any CPU
		Release|Any CPU = Release|Any CPU
	EndGlobalSection
	GlobalSection(ProjectConfigurationPlatforms) = postSolution
		{10181C0E-31FF-48B3-A293-D9ED83D38C8D}.Debug|Any CPU.ActiveCfg = Debug|Any CPU
		{10181C0E-31FF-48B3-A293-D9ED83D38C8D}.Debug|Any CPU.Build.0 = Debug|Any CPU
		{10181C0E-31FF-48B3-A293-D9ED83D38C8D}.Release|Any CPU.ActiveCfg = Release|Any CPU
		{10181C0E-31FF-48B3-A293-D9ED83D38C8D}.Release|Any CPU.Build.0 = Release|Any CPU
		{05FFACFD-A00F-4A47-9DDA-CAD57C2DDC59}.Debug|Any CPU.ActiveCfg = Debug|Any CPU
		{05FFACFD-A00F-4A47-9DDA-CAD57C2DDC59}.Debug|Any CPU.Build.0 = Debug|Any CPU
		{05FFACFD-A00F-4A47-9DDA-CAD57C2DDC59}.Release|Any CPU.ActiveCfg = Release|Any CPU
		{05FFACFD-A00F-4A47-9DDA-CAD57C2DDC59}.Release|Any CPU.Build.0 = Release|Any CPU
	EndGlobalSection
	GlobalSection(SolutionProperties) = preSolution
		HideSolutionNode = FALSE
	EndGlobalSection
	GlobalSection(ExtensibilityGlobals) = postSolution
		SolutionGuid = {4A127BF8-6D2D-444A-84C6-3CCD19F1AF58}
	EndGlobalSection
EndGlobal
